
Microsoft Visual Studio Solution File, Format Version 12.00
# Visual Studio Version 17
VisualStudioVersion = 17.8.34309.116
MinimumVisualStudioVersion = 10.0.40219.1
Project("{9A19103F-16F7-4668-BE54-9A1E7A4F7556}") = "KbBlazorGames", "KbBlazorGames\KbBlazorGames.csproj", "{EB399043-C412-4FC0-A119-F426F65BCEE5}"
EndProject
Project("{9A19103F-16F7-4668-BE54-9A1E7A4F7556}") = "LogicLayer", "LogicLayer\LogicLayer.csproj", "{39F5E03B-6FC8-4DE2-B685-F45F8B66F169}"
EndProject
Global
	GlobalSection(SolutionConfigurationPlatforms) = preSolution
		Debug|Any CPU = Debug|Any CPU
		Release|Any CPU = Release|Any CPU
	EndGlobalSection
	GlobalSection(ProjectConfigurationPlatforms) = postSolution
		{EB399043-C412-4FC0-A119-F426F65BCEE5}.Debug|Any CPU.ActiveCfg = Debug|Any CPU
		{EB399043-C412-4FC0-A119-F426F65BCEE5}.Debug|Any CPU.Build.0 = Debug|Any CPU
		{EB399043-C412-4FC0-A119-F426F65BCEE5}.Release|Any CPU.ActiveCfg = Release|Any CPU
		{EB399043-C412-4FC0-A119-F426F65BCEE5}.Release|Any CPU.Build.0 = Release|Any CPU
		{39F5E03B-6FC8-4DE2-B685-F45F8B66F169}.Debug|Any CPU.ActiveCfg = Debug|Any CPU
		{39F5E03B-6FC8-4DE2-B685-F45F8B66F169}.Debug|Any CPU.Build.0 = Debug|Any CPU
		{39F5E03B-6FC8-4DE2-B685-F45F8B66F169}.Release|Any CPU.ActiveCfg = Release|Any CPU
		{39F5E03B-6FC8-4DE2-B685-F45F8B66F169}.Release|Any CPU.Build.0 = Release|Any CPU
	EndGlobalSection
	GlobalSection(SolutionProperties) = preSolution
		HideSolutionNode = FALSE
	EndGlobalSection
	GlobalSection(ExtensibilityGlobals) = postSolution
		SolutionGuid = {64099244-C9F7-45CF-8EC9-A9215635FBD1}
	EndGlobalSection
EndGlobal
